
Microsoft Visual Studio Solution File, Format Version 12.00
# Visual Studio 15
VisualStudioVersion = 15.0.27004.2008
MinimumVisualStudioVersion = 10.0.40219.1
Project("{FAE04EC0-301F-11D3-BF4B-00C04F79EFBC}") = "Synthetic.Core", "Synthetic Core\Synthetic.Core.csproj", "{5D72B274-2496-4CC8-B39E-AB4F517D39A4}"
EndProject
Project("{FAE04EC0-301F-11D3-BF4B-00C04F79EFBC}") = "Synthetic.Revit", "Synthetic Revit\Synthetic.Revit.csproj", "{E4B1863B-67EC-40F7-8E63-2917B4485E71}"
	ProjectSection(ProjectDependencies) = postProject
		{5D72B274-2496-4CC8-B39E-AB4F517D39A4} = {5D72B274-2496-4CC8-B39E-AB4F517D39A4}
	EndProjectSection
EndProject
Project("{FAE04EC0-301F-11D3-BF4B-00C04F79EFBC}") = "Dynamo.Pkg", "Dynamo.Pkg\Dynamo.Pkg.csproj", "{F58D69F3-25D4-497D-9CA4-97DFE9E8081A}"
	ProjectSection(ProjectDependencies) = postProject
		{58E24E04-01F6-43EC-B2D7-07A96BD5D1B9} = {58E24E04-01F6-43EC-B2D7-07A96BD5D1B9}
		{9DE0F913-AFC3-41B1-B266-6E248CB6E984} = {9DE0F913-AFC3-41B1-B266-6E248CB6E984}
		{E4B1863B-67EC-40F7-8E63-2917B4485E71} = {E4B1863B-67EC-40F7-8E63-2917B4485E71}
		{1D4D5A4D-E64B-41BD-8793-3245D00318DD} = {1D4D5A4D-E64B-41BD-8793-3245D00318DD}
		{5D72B274-2496-4CC8-B39E-AB4F517D39A4} = {5D72B274-2496-4CC8-B39E-AB4F517D39A4}
		{496ADF96-42B2-49E8-ADF2-4F5CF1E08511} = {496ADF96-42B2-49E8-ADF2-4F5CF1E08511}
	EndProjectSection
EndProject
Project("{2150E333-8FDC-42A3-9474-1A3956D46DE8}") = "Solution Items", "Solution Items", "{F1E28585-98FC-4674-BE6B-D33F849B2114}"
	ProjectSection(SolutionItems) = preProject
		License.txt = License.txt
	EndProjectSection
EndProject
Project("{FAE04EC0-301F-11D3-BF4B-00C04F79EFBC}") = "Synthetic.UI", "Synthetic.UI\Synthetic.UI.csproj", "{9DE0F913-AFC3-41B1-B266-6E248CB6E984}"
EndProject
Project("{FAE04EC0-301F-11D3-BF4B-00C04F79EFBC}") = "Synthetic.Pulldowns", "Synthetic.Pulldowns\Synthetic.Pulldowns.csproj", "{58E24E04-01F6-43EC-B2D7-07A96BD5D1B9}"
EndProject
Project("{FAE04EC0-301F-11D3-BF4B-00C04F79EFBC}") = "Synthetic.Customization", "Synthetic.Customization\Synthetic.Customization.csproj", "{1D4D5A4D-E64B-41BD-8793-3245D00318DD}"
EndProject
Project("{FAE04EC0-301F-11D3-BF4B-00C04F79EFBC}") = "Synthetic.RevitSerialize", "Synthetic.Revit.JSON\Synthetic.RevitSerialize.csproj", "{496ADF96-42B2-49E8-ADF2-4F5CF1E08511}"
EndProject
Global
	GlobalSection(SolutionConfigurationPlatforms) = preSolution
		Debug|Any CPU = Debug|Any CPU
		Release|Any CPU = Release|Any CPU
	EndGlobalSection
	GlobalSection(ProjectConfigurationPlatforms) = postSolution
		{5D72B274-2496-4CC8-B39E-AB4F517D39A4}.Debug|Any CPU.ActiveCfg = Debug|Any CPU
		{5D72B274-2496-4CC8-B39E-AB4F517D39A4}.Debug|Any CPU.Build.0 = Debug|Any CPU
		{5D72B274-2496-4CC8-B39E-AB4F517D39A4}.Release|Any CPU.ActiveCfg = Debug|Any CPU
		{5D72B274-2496-4CC8-B39E-AB4F517D39A4}.Release|Any CPU.Build.0 = Debug|Any CPU
		{E4B1863B-67EC-40F7-8E63-2917B4485E71}.Debug|Any CPU.ActiveCfg = Debug|Any CPU
		{E4B1863B-67EC-40F7-8E63-2917B4485E71}.Debug|Any CPU.Build.0 = Debug|Any CPU
		{E4B1863B-67EC-40F7-8E63-2917B4485E71}.Release|Any CPU.ActiveCfg = Debug|Any CPU
		{E4B1863B-67EC-40F7-8E63-2917B4485E71}.Release|Any CPU.Build.0 = Debug|Any CPU
		{F58D69F3-25D4-497D-9CA4-97DFE9E8081A}.Debug|Any CPU.ActiveCfg = Debug|Any CPU
		{F58D69F3-25D4-497D-9CA4-97DFE9E8081A}.Debug|Any CPU.Build.0 = Debug|Any CPU
		{F58D69F3-25D4-497D-9CA4-97DFE9E8081A}.Release|Any CPU.ActiveCfg = Release|Any CPU
		{F58D69F3-25D4-497D-9CA4-97DFE9E8081A}.Release|Any CPU.Build.0 = Release|Any CPU
		{9DE0F913-AFC3-41B1-B266-6E248CB6E984}.Debug|Any CPU.ActiveCfg = Debug|Any CPU
		{9DE0F913-AFC3-41B1-B266-6E248CB6E984}.Debug|Any CPU.Build.0 = Debug|Any CPU
		{9DE0F913-AFC3-41B1-B266-6E248CB6E984}.Release|Any CPU.ActiveCfg = Release|Any CPU
		{9DE0F913-AFC3-41B1-B266-6E248CB6E984}.Release|Any CPU.Build.0 = Release|Any CPU
		{58E24E04-01F6-43EC-B2D7-07A96BD5D1B9}.Debug|Any CPU.ActiveCfg = Debug|Any CPU
		{58E24E04-01F6-43EC-B2D7-07A96BD5D1B9}.Debug|Any CPU.Build.0 = Debug|Any CPU
		{58E24E04-01F6-43EC-B2D7-07A96BD5D1B9}.Release|Any CPU.ActiveCfg = Release|Any CPU
		{58E24E04-01F6-43EC-B2D7-07A96BD5D1B9}.Release|Any CPU.Build.0 = Release|Any CPU
		{1D4D5A4D-E64B-41BD-8793-3245D00318DD}.Debug|Any CPU.ActiveCfg = Debug|Any CPU
		{1D4D5A4D-E64B-41BD-8793-3245D00318DD}.Debug|Any CPU.Build.0 = Debug|Any CPU
		{1D4D5A4D-E64B-41BD-8793-3245D00318DD}.Release|Any CPU.ActiveCfg = Release|Any CPU
		{1D4D5A4D-E64B-41BD-8793-3245D00318DD}.Release|Any CPU.Build.0 = Release|Any CPU
		{496ADF96-42B2-49E8-ADF2-4F5CF1E08511}.Debug|Any CPU.ActiveCfg = Debug|Any CPU
		{496ADF96-42B2-49E8-ADF2-4F5CF1E08511}.Debug|Any CPU.Build.0 = Debug|Any CPU
		{496ADF96-42B2-49E8-ADF2-4F5CF1E08511}.Release|Any CPU.ActiveCfg = Release|Any CPU
		{496ADF96-42B2-49E8-ADF2-4F5CF1E08511}.Release|Any CPU.Build.0 = Release|Any CPU
	EndGlobalSection
	GlobalSection(SolutionProperties) = preSolution
		HideSolutionNode = FALSE
	EndGlobalSection
	GlobalSection(ExtensibilityGlobals) = postSolution
		SolutionGuid = {2E71C4E0-3297-4EBA-B9F1-013E2B5DBFAF}
	EndGlobalSection
EndGlobal
